// !$*UTF8*$!
{
	archiveVersion = 1;
	classes = {
	};
	objectVersion = 46;
	objects = {

/* Begin PBXBuildFile section */
		363B773B1A0B2C6400756AC8 /* main.m in Sources */ = {isa = PBXBuildFile; fileRef = 363B773A1A0B2C6400756AC8 /* main.m */; };
		363B773E1A0B2C6400756AC8 /* AppDelegate.m in Sources */ = {isa = PBXBuildFile; fileRef = 363B773D1A0B2C6400756AC8 /* AppDelegate.m */; };
		363B77411A0B2C6400756AC8 /* ViewController.m in Sources */ = {isa = PBXBuildFile; fileRef = 363B77401A0B2C6400756AC8 /* ViewController.m */; };
		363B77441A0B2C6400756AC8 /* Main.storyboard in Resources */ = {isa = PBXBuildFile; fileRef = 363B77421A0B2C6400756AC8 /* Main.storyboard */; };
		363B77461A0B2C6400756AC8 /* Images.xcassets in Resources */ = {isa = PBXBuildFile; fileRef = 363B77451A0B2C6400756AC8 /* Images.xcassets */; };
		363B77491A0B2C6400756AC8 /* LaunchScreen.xib in Resources */ = {isa = PBXBuildFile; fileRef = 363B77471A0B2C6400756AC8 /* LaunchScreen.xib */; };
		363B77551A0B2C6400756AC8 /* FizzBuzzTests.m in Sources */ = {isa = PBXBuildFile; fileRef = 363B77541A0B2C6400756AC8 /* FizzBuzzTests.m */; };
		363B77611A0B2CCC00756AC8 /* FizzBuzz.m in Sources */ = {isa = PBXBuildFile; fileRef = 363B77601A0B2CCC00756AC8 /* FizzBuzz.m */; };
/* End PBXBuildFile section */

/* Begin PBXContainerItemProxy section */
		363B774F1A0B2C6400756AC8 /* PBXContainerItemProxy */ = {
			isa = PBXContainerItemProxy;
			containerPortal = 363B772D1A0B2C6400756AC8 /* Project object */;
			proxyType = 1;
			remoteGlobalIDString = 363B77341A0B2C6400756AC8;
			remoteInfo = FizzBuzz;
		};
/* End PBXContainerItemProxy section */

/* Begin PBXFileReference section */
		363B77351A0B2C6400756AC8 /* FizzBuzz.app */ = {isa = PBXFileReference; explicitFileType = wrapper.application; includeInIndex = 0; path = FizzBuzz.app; sourceTree = BUILT_PRODUCTS_DIR; };
		363B77391A0B2C6400756AC8 /* Info.plist */ = {isa = PBXFileReference; lastKnownFileType = text.plist.xml; path = Info.plist; sourceTree = "<group>"; };
		363B773A1A0B2C6400756AC8 /* main.m */ = {isa = PBXFileReference; lastKnownFileType = sourcecode.c.objc; path = main.m; sourceTree = "<group>"; };
		363B773C1A0B2C6400756AC8 /* AppDelegate.h */ = {isa = PBXFileReference; lastKnownFileType = sourcecode.c.h; path = AppDelegate.h; sourceTree = "<group>"; };
		363B773D1A0B2C6400756AC8 /* AppDelegate.m */ = {isa = PBXFileReference; lastKnownFileType = sourcecode.c.objc; path = AppDelegate.m; sourceTree = "<group>"; };
		363B773F1A0B2C6400756AC8 /* ViewController.h */ = {isa = PBXFileReference; lastKnownFileType = sourcecode.c.h; path = ViewController.h; sourceTree = "<group>"; };
		363B77401A0B2C6400756AC8 /* ViewController.m */ = {isa = PBXFileReference; lastKnownFileType = sourcecode.c.objc; path = ViewController.m; sourceTree = "<group>"; };
		363B77431A0B2C6400756AC8 /* Base */ = {isa = PBXFileReference; lastKnownFileType = file.storyboard; name = Base; path = Base.lproj/Main.storyboard; sourceTree = "<group>"; };
		363B77451A0B2C6400756AC8 /* Images.xcassets */ = {isa = PBXFileReference; lastKnownFileType = folder.assetcatalog; path = Images.xcassets; sourceTree = "<group>"; };
		363B77481A0B2C6400756AC8 /* Base */ = {isa = PBXFileReference; lastKnownFileType = file.xib; name = Base; path = Base.lproj/LaunchScreen.xib; sourceTree = "<group>"; };
		363B774E1A0B2C6400756AC8 /* FizzBuzzTests.xctest */ = {isa = PBXFileReference; explicitFileType = wrapper.cfbundle; includeInIndex = 0; path = FizzBuzzTests.xctest; sourceTree = BUILT_PRODUCTS_DIR; };
		363B77531A0B2C6400756AC8 /* Info.plist */ = {isa = PBXFileReference; lastKnownFileType = text.plist.xml; path = Info.plist; sourceTree = "<group>"; };
		363B77541A0B2C6400756AC8 /* FizzBuzzTests.m */ = {isa = PBXFileReference; lastKnownFileType = sourcecode.c.objc; path = FizzBuzzTests.m; sourceTree = "<group>"; };
		363B775F1A0B2CCC00756AC8 /* FizzBuzz.h */ = {isa = PBXFileReference; fileEncoding = 4; lastKnownFileType = sourcecode.c.h; path = FizzBuzz.h; sourceTree = "<group>"; };
		363B77601A0B2CCC00756AC8 /* FizzBuzz.m */ = {isa = PBXFileReference; fileEncoding = 4; lastKnownFileType = sourcecode.c.objc; path = FizzBuzz.m; sourceTree = "<group>"; };
/* End PBXFileReference section */

/* Begin PBXFrameworksBuildPhase section */
		363B77321A0B2C6400756AC8 /* Frameworks */ = {
			isa = PBXFrameworksBuildPhase;
			buildActionMask = 2147483647;
			files = (
			);
			runOnlyForDeploymentPostprocessing = 0;
		};
		363B774B1A0B2C6400756AC8 /* Frameworks */ = {
			isa = PBXFrameworksBuildPhase;
			buildActionMask = 2147483647;
			files = (
			);
			runOnlyForDeploymentPostprocessing = 0;
		};
/* End PBXFrameworksBuildPhase section */

/* Begin PBXGroup section */
		363B772C1A0B2C6400756AC8 = {
			isa = PBXGroup;
			children = (
				363B77371A0B2C6400756AC8 /* FizzBuzz */,
				363B77511A0B2C6400756AC8 /* FizzBuzzTests */,
				363B77361A0B2C6400756AC8 /* Products */,
			);
			sourceTree = "<group>";
		};
		363B77361A0B2C6400756AC8 /* Products */ = {
			isa = PBXGroup;
			children = (
				363B77351A0B2C6400756AC8 /* FizzBuzz.app */,
				363B774E1A0B2C6400756AC8 /* FizzBuzzTests.xctest */,
			);
			name = Products;
			sourceTree = "<group>";
		};
		363B77371A0B2C6400756AC8 /* FizzBuzz */ = {
			isa = PBXGroup;
			children = (
				363B775F1A0B2CCC00756AC8 /* FizzBuzz.h */,
				363B77601A0B2CCC00756AC8 /* FizzBuzz.m */,
				363B775E1A0B2CAA00756AC8 /* waste */,
			);
			path = FizzBuzz;
			sourceTree = "<group>";
		};
		363B77381A0B2C6400756AC8 /* Supporting Files */ = {
			isa = PBXGroup;
			children = (
				363B77391A0B2C6400756AC8 /* Info.plist */,
				363B773A1A0B2C6400756AC8 /* main.m */,
			);
			name = "Supporting Files";
			sourceTree = "<group>";
		};
		363B77511A0B2C6400756AC8 /* FizzBuzzTests */ = {
			isa = PBXGroup;
			children = (
				363B77541A0B2C6400756AC8 /* FizzBuzzTests.m */,
				363B77521A0B2C6400756AC8 /* Supporting Files */,
			);
			path = FizzBuzzTests;
			sourceTree = "<group>";
		};
		363B77521A0B2C6400756AC8 /* Supporting Files */ = {
			isa = PBXGroup;
			children = (
				363B77531A0B2C6400756AC8 /* Info.plist */,
			);
			name = "Supporting Files";
			sourceTree = "<group>";
		};
		363B775E1A0B2CAA00756AC8 /* waste */ = {
			isa = PBXGroup;
			children = (
				363B77381A0B2C6400756AC8 /* Supporting Files */,
				363B773C1A0B2C6400756AC8 /* AppDelegate.h */,
				363B773D1A0B2C6400756AC8 /* AppDelegate.m */,
				363B77451A0B2C6400756AC8 /* Images.xcassets */,
				363B77471A0B2C6400756AC8 /* LaunchScreen.xib */,
				363B77421A0B2C6400756AC8 /* Main.storyboard */,
				363B773F1A0B2C6400756AC8 /* ViewController.h */,
				363B77401A0B2C6400756AC8 /* ViewController.m */,
			);
			name = waste;
			sourceTree = "<group>";
		};
/* End PBXGroup section */

/* Begin PBXNativeTarget section */
		363B77341A0B2C6400756AC8 /* FizzBuzz */ = {
			isa = PBXNativeTarget;
			buildConfigurationList = 363B77581A0B2C6400756AC8 /* Build configuration list for PBXNativeTarget "FizzBuzz" */;
			buildPhases = (
				363B77311A0B2C6400756AC8 /* Sources */,
				363B77321A0B2C6400756AC8 /* Frameworks */,
				363B77331A0B2C6400756AC8 /* Resources */,
			);
			buildRules = (
			);
			dependencies = (
			);
			name = FizzBuzz;
			productName = FizzBuzz;
			productReference = 363B77351A0B2C6400756AC8 /* FizzBuzz.app */;
			productType = "com.apple.product-type.application";
		};
		363B774D1A0B2C6400756AC8 /* FizzBuzzTests */ = {
			isa = PBXNativeTarget;
			buildConfigurationList = 363B775B1A0B2C6400756AC8 /* Build configuration list for PBXNativeTarget "FizzBuzzTests" */;
			buildPhases = (
				363B774A1A0B2C6400756AC8 /* Sources */,
				363B774B1A0B2C6400756AC8 /* Frameworks */,
				363B774C1A0B2C6400756AC8 /* Resources */,
			);
			buildRules = (
			);
			dependencies = (
				363B77501A0B2C6400756AC8 /* PBXTargetDependency */,
			);
			name = FizzBuzzTests;
			productName = FizzBuzzTests;
			productReference = 363B774E1A0B2C6400756AC8 /* FizzBuzzTests.xctest */;
			productType = "com.apple.product-type.bundle.unit-test";
		};
/* End PBXNativeTarget section */

/* Begin PBXProject section */
		363B772D1A0B2C6400756AC8 /* Project object */ = {
			isa = PBXProject;
			attributes = {
				LastUpgradeCheck = 0610;
				ORGANIZATIONNAME = offz;
				TargetAttributes = {
					363B77341A0B2C6400756AC8 = {
						CreatedOnToolsVersion = 6.1;
					};
					363B774D1A0B2C6400756AC8 = {
						CreatedOnToolsVersion = 6.1;
						TestTargetID = 363B77341A0B2C6400756AC8;
					};
				};
			};
			buildConfigurationList = 363B77301A0B2C6400756AC8 /* Build configuration list for PBXProject "FizzBuzz" */;
			compatibilityVersion = "Xcode 3.2";
			developmentRegion = English;
			hasScannedForEncodings = 0;
			knownRegions = (
				en,
				Base,
			);
			mainGroup = 363B772C1A0B2C6400756AC8;
			productRefGroup = 363B77361A0B2C6400756AC8 /* Products */;
			projectDirPath = "";
			projectRoot = "";
			targets = (
				363B77341A0B2C6400756AC8 /* FizzBuzz */,
				363B774D1A0B2C6400756AC8 /* FizzBuzzTests */,
			);
		};
/* End PBXProject section */

/* Begin PBXResourcesBuildPhase section */
		363B77331A0B2C6400756AC8 /* Resources */ = {
			isa = PBXResourcesBuildPhase;
			buildActionMask = 2147483647;
			files = (
				363B77441A0B2C6400756AC8 /* Main.storyboard in Resources */,
				363B77491A0B2C6400756AC8 /* LaunchScreen.xib in Resources */,
				363B77461A0B2C6400756AC8 /* Images.xcassets in Resources */,
			);
			runOnlyForDeploymentPostprocessing = 0;
		};
		363B774C1A0B2C6400756AC8 /* Resources */ = {
			isa = PBXResourcesBuildPhase;
			buildActionMask = 2147483647;
			files = (
			);
			runOnlyForDeploymentPostprocessing = 0;
		};
/* End PBXResourcesBuildPhase section */

/* Begin PBXSourcesBuildPhase section */
		363B77311A0B2C6400756AC8 /* Sources */ = {
			isa = PBXSourcesBuildPhase;
			buildActionMask = 2147483647;
			files = (
				363B77411A0B2C6400756AC8 /* ViewController.m in Sources */,
				363B773E1A0B2C6400756AC8 /* AppDelegate.m in Sources */,
				363B773B1A0B2C6400756AC8 /* main.m in Sources */,
				363B77611A0B2CCC00756AC8 /* FizzBuzz.m in Sources */,
			);
			runOnlyForDeploymentPostprocessing = 0;
		};
		363B774A1A0B2C6400756AC8 /* Sources */ = {
			isa = PBXSourcesBuildPhase;
			buildActionMask = 2147483647;
			files = (
				363B77551A0B2C6400756AC8 /* FizzBuzzTests.m in Sources */,
			);
			runOnlyForDeploymentPostprocessing = 0;
		};
/* End PBXSourcesBuildPhase section */

/* Begin PBXTargetDependency section */
		363B77501A0B2C6400756AC8 /* PBXTargetDependency */ = {
			isa = PBXTargetDependency;
			target = 363B77341A0B2C6400756AC8 /* FizzBuzz */;
			targetProxy = 363B774F1A0B2C6400756AC8 /* PBXContainerItemProxy */;
		};
/* End PBXTargetDependency section */

/* Begin PBXVariantGroup section */
		363B77421A0B2C6400756AC8 /* Main.storyboard */ = {
			isa = PBXVariantGroup;
			children = (
				363B77431A0B2C6400756AC8 /* Base */,
			);
			name = Main.storyboard;
			sourceTree = "<group>";
		};
		363B77471A0B2C6400756AC8 /* LaunchScreen.xib */ = {
			isa = PBXVariantGroup;
			children = (
				363B77481A0B2C6400756AC8 /* Base */,
			);
			name = LaunchScreen.xib;
			sourceTree = "<group>";
		};
/* End PBXVariantGroup section */

/* Begin XCBuildConfiguration section */
		363B77561A0B2C6400756AC8 /* Debug */ = {
			isa = XCBuildConfiguration;
			buildSettings = {
				ALWAYS_SEARCH_USER_PATHS = NO;
				CLANG_CXX_LANGUAGE_STANDARD = "gnu++0x";
				CLANG_CXX_LIBRARY = "libc++";
				CLANG_ENABLE_MODULES = YES;
				CLANG_ENABLE_OBJC_ARC = YES;
				CLANG_WARN_BOOL_CONVERSION = YES;
				CLANG_WARN_CONSTANT_CONVERSION = YES;
				CLANG_WARN_DIRECT_OBJC_ISA_USAGE = YES_ERROR;
				CLANG_WARN_EMPTY_BODY = YES;
				CLANG_WARN_ENUM_CONVERSION = YES;
				CLANG_WARN_INT_CONVERSION = YES;
				CLANG_WARN_OBJC_ROOT_CLASS = YES_ERROR;
				CLANG_WARN_UNREACHABLE_CODE = YES;
				CLANG_WARN__DUPLICATE_METHOD_MATCH = YES;
				"CODE_SIGN_IDENTITY[sdk=iphoneos*]" = "iPhone Developer";
				COPY_PHASE_STRIP = NO;
				ENABLE_STRICT_OBJC_MSGSEND = YES;
				GCC_C_LANGUAGE_STANDARD = gnu99;
				GCC_DYNAMIC_NO_PIC = NO;
				GCC_OPTIMIZATION_LEVEL = 0;
				GCC_PREPROCESSOR_DEFINITIONS = (
					"DEBUG=1",
					"$(inherited)",
				);
				GCC_SYMBOLS_PRIVATE_EXTERN = NO;
				GCC_WARN_64_TO_32_BIT_CONVERSION = YES;
				GCC_WARN_ABOUT_RETURN_TYPE = YES_ERROR;
				GCC_WARN_UNDECLARED_SELECTOR = YES;
				GCC_WARN_UNINITIALIZED_AUTOS = YES_AGGRESSIVE;
				GCC_WARN_UNUSED_FUNCTION = YES;
				GCC_WARN_UNUSED_VARIABLE = YES;
				IPHONEOS_DEPLOYMENT_TARGET = 8.1;
				MTL_ENABLE_DEBUG_INFO = YES;
				ONLY_ACTIVE_ARCH = YES;
				SDKROOT = iphoneos;
			};
			name = Debug;
		};
		363B77571A0B2C6400756AC8 /* Release */ = {
			isa = XCBuildConfiguration;
			buildSettings = {
				ALWAYS_SEARCH_USER_PATHS = NO;
				CLANG_CXX_LANGUAGE_STANDARD = "gnu++0x";
				CLANG_CXX_LIBRARY = "libc++";
				CLANG_ENABLE_MODULES = YES;
				CLANG_ENABLE_OBJC_ARC = YES;
				CLANG_WARN_BOOL_CONVERSION = YES;
				CLANG_WARN_CONSTANT_CONVERSION = YES;
				CLANG_WARN_DIRECT_OBJC_ISA_USAGE = YES_ERROR;
				CLANG_WARN_EMPTY_BODY = YES;
				CLANG_WARN_ENUM_CONVERSION = YES;
				CLANG_WARN_INT_CONVERSION = YES;
				CLANG_WARN_OBJC_ROOT_CLASS = YES_ERROR;
				CLANG_WARN_UNREACHABLE_CODE = YES;
				CLANG_WARN__DUPLICATE_METHOD_MATCH = YES;
				"CODE_SIGN_IDENTITY[sdk=iphoneos*]" = "iPhone Developer";
				COPY_PHASE_STRIP = YES;
				ENABLE_NS_ASSERTIONS = NO;
				ENABLE_STRICT_OBJC_MSGSEND = YES;
				GCC_C_LANGUAGE_STANDARD = gnu99;
				GCC_WARN_64_TO_32_BIT_CONVERSION = YES;
				GCC_WARN_ABOUT_RETURN_TYPE = YES_ERROR;
				GCC_WARN_UNDECLARED_SELECTOR = YES;
				GCC_WARN_UNINITIALIZED_AUTOS = YES_AGGRESSIVE;
				GCC_WARN_UNUSED_FUNCTION = YES;
				GCC_WARN_UNUSED_VARIABLE = YES;
				IPHONEOS_DEPLOYMENT_TARGET = 8.1;
				MTL_ENABLE_DEBUG_INFO = NO;
				SDKROOT = iphoneos;
				VALIDATE_PRODUCT = YES;
			};
			name = Release;
		};
		363B77591A0B2C6400756AC8 /* Debug */ = {
			isa = XCBuildConfiguration;
			buildSettings = {
				ASSETCATALOG_COMPILER_APPICON_NAME = AppIcon;
				INFOPLIST_FILE = FizzBuzz/Info.plist;
				LD_RUNPATH_SEARCH_PATHS = "$(inherited) @executable_path/Frameworks";
				PRODUCT_NAME = "$(TARGET_NAME)";
			};
			name = Debug;
		};
		363B775A1A0B2C6400756AC8 /* Release */ = {
			isa = XCBuildConfiguration;
			buildSettings = {
				ASSETCATALOG_COMPILER_APPICON_NAME = AppIcon;
				INFOPLIST_FILE = FizzBuzz/Info.plist;
				LD_RUNPATH_SEARCH_PATHS = "$(inherited) @executable_path/Frameworks";
				PRODUCT_NAME = "$(TARGET_NAME)";
			};
			name = Release;
		};
		363B775C1A0B2C6400756AC8 /* Debug */ = {
			isa = XCBuildConfiguration;
			buildSettings = {
				BUNDLE_LOADER = "$(TEST_HOST)";
				FRAMEWORK_SEARCH_PATHS = (
					"$(SDKROOT)/Developer/Library/Frameworks",
					"$(inherited)",
				);
				GCC_PREPROCESSOR_DEFINITIONS = (
					"DEBUG=1",
					"$(inherited)",
				);
				INFOPLIST_FILE = FizzBuzzTests/Info.plist;
				LD_RUNPATH_SEARCH_PATHS = "$(inherited) @executable_path/Frameworks @loader_path/Frameworks";
				PRODUCT_NAME = "$(TARGET_NAME)";
				TEST_HOST = "$(BUILT_PRODUCTS_DIR)/FizzBuzz.app/FizzBuzz";
			};
			name = Debug;
		};
		363B775D1A0B2C6400756AC8 /* Release */ = {
			isa = XCBuildConfiguration;
			buildSettings = {
				BUNDLE_LOADER = "$(TEST_HOST)";
				FRAMEWORK_SEARCH_PATHS = (
					"$(SDKROOT)/Developer/Library/Frameworks",
					"$(inherited)",
				);
				INFOPLIST_FILE = FizzBuzzTests/Info.plist;
				LD_RUNPATH_SEARCH_PATHS = "$(inherited) @executable_path/Frameworks @loader_path/Frameworks";
				PRODUCT_NAME = "$(TARGET_NAME)";
				TEST_HOST = "$(BUILT_PRODUCTS_DIR)/FizzBuzz.app/FizzBuzz";
			};
			name = Release;
		};
/* End XCBuildConfiguration section */

/* Begin XCConfigurationList section */
		363B77301A0B2C6400756AC8 /* Build configuration list for PBXProject "FizzBuzz" */ = {
			isa = XCConfigurationList;
			buildConfigurations = (
				363B77561A0B2C6400756AC8 /* Debug */,
				363B77571A0B2C6400756AC8 /* Release */,
			);
			defaultConfigurationIsVisible = 0;
			defaultConfigurationName = Release;
		};
		363B77581A0B2C6400756AC8 /* Build configuration list for PBXNativeTarget "FizzBuzz" */ = {
			isa = XCConfigurationList;
			buildConfigurations = (
				363B77591A0B2C6400756AC8 /* Debug */,
				363B775A1A0B2C6400756AC8 /* Release */,
			);
			defaultConfigurationIsVisible = 0;
		};
		363B775B1A0B2C6400756AC8 /* Build configuration list for PBXNativeTarget "FizzBuzzTests" */ = {
			isa = XCConfigurationList;
			buildConfigurations = (
				363B775C1A0B2C6400756AC8 /* Debug */,
				363B775D1A0B2C6400756AC8 /* Release */,
			);
			defaultConfigurationIsVisible = 0;
		};
/* End XCConfigurationList section */
	};
	rootObject = 363B772D1A0B2C6400756AC8 /* Project object */;
}
